
Microsoft Visual Studio Solution File, Format Version 12.00
# Visual Studio Version 17
VisualStudioVersion = 17.13.35605.110 d17.13
MinimumVisualStudioVersion = 10.0.40219.1
Project("{8BC9CEB8-8B4A-11D0-8D11-00A0C91BC942}") = "3dmap", "3dmap\3dmap.vcxproj", "{97810AB0-3839-41D5-B27E-586C6908C4DF}"
EndProject
Global
	GlobalSection(SolutionConfigurationPlatforms) = preSolution
		Debug|x64 = Debug|x64
		Debug|x86 = Debug|x86
		Release|x64 = Release|x64
		Release|x86 = Release|x86
	EndGlobalSection
	GlobalSection(ProjectConfigurationPlatforms) = postSolution
		{97810AB0-3839-41D5-B27E-586C6908C4DF}.Debug|x64.ActiveCfg = Debug|x64
		{97810AB0-3839-41D5-B27E-586C6908C4DF}.Debug|x64.Build.0 = Debug|x64
		{97810AB0-3839-41D5-B27E-586C6908C4DF}.Debug|x86.ActiveCfg = Debug|Win32
		{97810AB0-3839-41D5-B27E-586C6908C4DF}.Debug|x86.Build.0 = Debug|Win32
		{97810AB0-3839-41D5-B27E-586C6908C4DF}.Release|x64.ActiveCfg = Release|x64
		{97810AB0-3839-41D5-B27E-586C6908C4DF}.Release|x64.Build.0 = Release|x64
		{97810AB0-3839-41D5-B27E-586C6908C4DF}.Release|x86.ActiveCfg = Release|Win32
		{97810AB0-3839-41D5-B27E-586C6908C4DF}.Release|x86.Build.0 = Release|Win32
	EndGlobalSection
	GlobalSection(SolutionProperties) = preSolution
		HideSolutionNode = FALSE
	EndGlobalSection
	GlobalSection(ExtensibilityGlobals) = postSolution
		SolutionGuid = {0D1CBCD5-02AE-447A-88D6-F23078C1DA30}
	EndGlobalSection
EndGlobal
